
Microsoft Visual Studio Solution File, Format Version 12.00
# Visual Studio Version 17
VisualStudioVersion = 17.8.35326.199
MinimumVisualStudioVersion = 10.0.40219.1
Project("{FAE04EC0-301F-11D3-BF4B-00C04F79EFBC}") = "CSToCustomType", "CSToCustomType\CSToCustomType.csproj", "{046EA201-8359-48F2-A317-97D171DBFC0D}"
EndProject
Global
	GlobalSection(SolutionConfigurationPlatforms) = preSolution
		Debug|Any CPU = Debug|Any CPU
		Debug|x86 = Debug|x86
		Release|Any CPU = Release|Any CPU
		Release|x86 = Release|x86
	EndGlobalSection
	GlobalSection(ProjectConfigurationPlatforms) = postSolution
		{046EA201-8359-48F2-A317-97D171DBFC0D}.Debug|Any CPU.ActiveCfg = Debug|Any CPU
		{046EA201-8359-48F2-A317-97D171DBFC0D}.Debug|Any CPU.Build.0 = Debug|Any CPU
		{046EA201-8359-48F2-A317-97D171DBFC0D}.Debug|x86.ActiveCfg = Debug|Any CPU
		{046EA201-8359-48F2-A317-97D171DBFC0D}.Debug|x86.Build.0 = Debug|Any CPU
		{046EA201-8359-48F2-A317-97D171DBFC0D}.Release|Any CPU.ActiveCfg = Release|Any CPU
		{046EA201-8359-48F2-A317-97D171DBFC0D}.Release|Any CPU.Build.0 = Release|Any CPU
		{046EA201-8359-48F2-A317-97D171DBFC0D}.Release|x86.ActiveCfg = Release|x86
		{046EA201-8359-48F2-A317-97D171DBFC0D}.Release|x86.Build.0 = Release|x86
	EndGlobalSection
	GlobalSection(SolutionProperties) = preSolution
		HideSolutionNode = FALSE
	EndGlobalSection
	GlobalSection(ExtensibilityGlobals) = postSolution
		SolutionGuid = {73504C06-A691-40BE-9BED-EFA62C0C7F64}
	EndGlobalSection
EndGlobal
